
Microsoft Visual Studio Solution File, Format Version 12.00
# Visual Studio Version 17
VisualStudioVersion = 17.6.33815.320
MinimumVisualStudioVersion = 10.0.40219.1
Project("{FAE04EC0-301F-11D3-BF4B-00C04F79EFBC}") = "Program", "Program.csproj", "{4E198C8C-09D9-46C7-9505-EC4099D9FAD0}"
EndProject
Global
	GlobalSection(SolutionConfigurationPlatforms) = preSolution
		Debug|Any CPU = Debug|Any CPU
		Release|Any CPU = Release|Any CPU
	EndGlobalSection
	GlobalSection(ProjectConfigurationPlatforms) = postSolution
		{4E198C8C-09D9-46C7-9505-EC4099D9FAD0}.Debug|Any CPU.ActiveCfg = Debug|Any CPU
		{4E198C8C-09D9-46C7-9505-EC4099D9FAD0}.Debug|Any CPU.Build.0 = Debug|Any CPU
		{4E198C8C-09D9-46C7-9505-EC4099D9FAD0}.Release|Any CPU.ActiveCfg = Release|Any CPU
		{4E198C8C-09D9-46C7-9505-EC4099D9FAD0}.Release|Any CPU.Build.0 = Release|Any CPU
	EndGlobalSection
	GlobalSection(SolutionProperties) = preSolution
		HideSolutionNode = FALSE
	EndGlobalSection
	GlobalSection(ExtensibilityGlobals) = postSolution
		SolutionGuid = {5ED99330-CE60-4F02-93DA-15229B9E60B2}
	EndGlobalSection
EndGlobal
